{
  "requires": true,
  "lockfileVersion": 1,
  "dependencies": {
    "classnames": {
      "version": "2.2.6",
      "resolved": "https://registry.npmjs.org/classnames/-/classnames-2.2.6.tgz",
      "integrity": "sha512-JR/iSQOSt+LQIWwrwEzJ9uk0xfN3mTVYMwt1Ir5mUcSN6pU+V4zQFFaJsclJbPuAUQH+yfWef6tm7l1quW3C8Q=="
    },
    "debug": {
      "version": "2.6.9",
      "resolved": "https://registry.npmjs.org/debug/-/debug-2.6.9.tgz",
      "integrity": "sha512-bC7ElrdJaJnPbAP+1EotYvqZsb3ecl5wi6Bfi6BJTUcNowp6cvspg0jXznRTKDjm/E7AdgFBVeAPVMNcKGsHMA==",
      "requires": {
        "ms": "2.0.0"
      }
    },
    "jquery": {
      "version": "3.4.1",
      "resolved": "https://registry.npmjs.org/jquery/-/jquery-3.4.1.tgz",
      "integrity": "sha512-36+AdBzCL+y6qjw5Tx7HgzeGCzC81MDDgaUP8ld2zhx58HdqXGoBd+tHdrBMiyjGQs0Hxs/MLZTu/eHNJJuWPw=="
    },
    "js-tokens": {
      "version": "4.0.0",
      "resolved": "https://registry.npmjs.org/js-tokens/-/js-tokens-4.0.0.tgz",
      "integrity": "sha512-RdJUflcE3cUzKiMqQgsCu06FPu9UdIJO0beYbPhHN4k6apgJtifcoCtT9bcxOpYBtpD2kCM6Sbzg4CausW/PKQ=="
    },
    "jsonp": {
      "version": "0.2.1",
      "resolved": "https://registry.npmjs.org/jsonp/-/jsonp-0.2.1.tgz",
      "integrity": "sha1-pltPoPEL2nGaBUQep7lMVfPhW64=",
      "requires": {
        "debug": "^2.1.3"
      }
    },
    "loose-envify": {
      "version": "1.4.0",
      "resolved": "https://registry.npmjs.org/loose-envify/-/loose-envify-1.4.0.tgz",
      "integrity": "sha512-lyuxPGr/Wfhrlem2CL/UcnUc1zcqKAImBDzukY7Y5F/yQiNdko6+fRLevlw1HgMySw7f611UIY408EtxRSoK3Q==",
      "requires": {
        "js-tokens": "^3.0.0 || ^4.0.0"
      }
    },
    "ms": {
      "version": "2.0.0",
      "resolved": "https://registry.npmjs.org/ms/-/ms-2.0.0.tgz",
      "integrity": "sha1-VgiurfwAvmwpAd9fmGF4jeDVl8g="
    },
    "object-assign": {
      "version": "4.1.1",
      "resolved": "https://registry.npmjs.org/object-assign/-/object-assign-4.1.1.tgz",
      "integrity": "sha1-IQmtx5ZYh8/AXLvUQsrIv7s2CGM="
    },
    "prop-types": {
      "version": "15.7.2",
      "resolved": "https://registry.npmjs.org/prop-types/-/prop-types-15.7.2.tgz",
      "integrity": "sha512-8QQikdH7//R2vurIJSutZ1smHYTcLpRWEOlHnzcWHmBYrOGUysKwSsrC89BCiFj3CbrfJ/nXFdJepOVrY1GCHQ==",
      "requires": {
        "loose-envify": "^1.4.0",
        "object-assign": "^4.1.1",
        "react-is": "^16.8.1"
      }
    },
    "react-ga": {
      "version": "2.7.0",
      "resolved": "https://registry.npmjs.org/react-ga/-/react-ga-2.7.0.tgz",
      "integrity": "sha512-AjC7UOZMvygrWTc2hKxTDvlMXEtbmA0IgJjmkhgmQQ3RkXrWR11xEagLGFGaNyaPnmg24oaIiaNPnEoftUhfXA=="
    },
    "react-image-appear": {
      "version": "1.2.23",
      "resolved": "https://registry.npmjs.org/react-image-appear/-/react-image-appear-1.2.23.tgz",
      "integrity": "sha512-MO5IL9CmJTLUhgm7AnUl23z9V4FWowB9k2KNZQbITrNRdPZ8qgPY1aJwCaKvExApwPMe9AInnpby2TsVwx5YXQ==",
      "requires": {
        "prop-types": "^15.6.1"
      }
    },
    "react-is": {
      "version": "16.13.1",
      "resolved": "https://registry.npmjs.org/react-is/-/react-is-16.13.1.tgz",
      "integrity": "sha512-24e6ynE2H+OKt4kqsOvNd8kBpV65zoxbA4BVsEOB3ARVWQki/DHzaUoC5KuON/BiccDaCCTZBuOcfZs70kR8bQ=="
    },
    "react-share": {
      "version": "4.0.1",
      "resolved": "https://registry.npmjs.org/react-share/-/react-share-4.0.1.tgz",
      "integrity": "sha512-01Bpres5m74gaz7+scWSHZMCQftuZoOgi7v2fyAC71fC26wMZkQKQUGyx7cgLaDVyizpfj5D9IMfdeqiskDYRA==",
      "requires": {
        "classnames": "^2.2.5",
        "jsonp": "^0.2.1"
      }
    },
    "scrollmagic": {
      "version": "2.0.7",
      "resolved": "https://registry.npmjs.org/scrollmagic/-/scrollmagic-2.0.7.tgz",
      "integrity": "sha512-Qu23XB3YTBhqbnTIkyVhVAEP/7r2APvW+QFfxCpd6LvJ5byCnlvSMzSeBdpyKbDKXBxVWGE9XFXUTvue3B7VrQ=="
    }
  }
}
